
Microsoft Visual Studio Solution File, Format Version 12.00
# Visual Studio 15
Project("{FAE04EC0-301F-11D3-BF4B-00C04F79EFBC}") = "Unity.Timeline", "Unity.Timeline.csproj", "{00F7DF33-B7B6-B267-48AA-F5D80878017B}"
EndProject
Project("{FAE04EC0-301F-11D3-BF4B-00C04F79EFBC}") = "Unity.Timeline.Editor", "Unity.Timeline.Editor.csproj", "{4203F71C-48BB-03C0-47E8-5203B13D0F8E}"
EndProject
Project("{FAE04EC0-301F-11D3-BF4B-00C04F79EFBC}") = "Unity.InputSystem", "Unity.InputSystem.csproj", "{4C9E1D2B-FE55-401D-8F6A-AC88E6F5DFB1}"
EndProject
Project("{FAE04EC0-301F-11D3-BF4B-00C04F79EFBC}") = "Unity.TextMeshPro.Editor", "Unity.TextMeshPro.Editor.csproj", "{AE99B376-8091-F08A-3D8D-51C651B6B8CC}"
EndProject
Project("{FAE04EC0-301F-11D3-BF4B-00C04F79EFBC}") = "Unity.VisualScripting.Flow", "Unity.VisualScripting.Flow.csproj", "{2803A5F8-8D05-328C-1B26-42A95EB5E55C}"
EndProject
Project("{FAE04EC0-301F-11D3-BF4B-00C04F79EFBC}") = "Unity.PlasticSCM.Editor", "Unity.PlasticSCM.Editor.csproj", "{3C96A3F0-32CC-13B0-E273-8414F5215A71}"
EndProject
Project("{FAE04EC0-301F-11D3-BF4B-00C04F79EFBC}") = "Unity.VisualScripting.Core", "Unity.VisualScripting.Core.csproj", "{9B5AB1EC-BA41-3B5B-E268-5B09B440491F}"
EndProject
Project("{FAE04EC0-301F-11D3-BF4B-00C04F79EFBC}") = "Unity.Animation.Rigging.Editor", "Unity.Animation.Rigging.Editor.csproj", "{E7F70267-FD07-2EA6-8AEC-2061429BB034}"
EndProject
Project("{FAE04EC0-301F-11D3-BF4B-00C04F79EFBC}") = "Unity.Mathematics", "Unity.Mathematics.csproj", "{18F0BE1A-296D-3127-B18C-E70B5B2CD82F}"
EndProject
Project("{FAE04EC0-301F-11D3-BF4B-00C04F79EFBC}") = "Cinemachine", "Cinemachine.csproj", "{D7F4FB05-F547-E8F0-5911-1A7BE02F7430}"
EndProject
Project("{FAE04EC0-301F-11D3-BF4B-00C04F79EFBC}") = "Unity.VisualScripting.Core.Editor", "Unity.VisualScripting.Core.Editor.csproj", "{D9EDA198-D718-287E-ED86-0866E469318A}"
EndProject
Project("{FAE04EC0-301F-11D3-BF4B-00C04F79EFBC}") = "Unity.VisualScripting.Flow.Editor", "Unity.VisualScripting.Flow.Editor.csproj", "{599376B8-DA9E-6CD0-0156-3B5D75368736}"
EndProject
Project("{FAE04EC0-301F-11D3-BF4B-00C04F79EFBC}") = "UnityEditor.TestRunner", "UnityEditor.TestRunner.csproj", "{9628C1D8-520D-EF8F-FC4B-3B0B18DFE8E6}"
EndProject
Project("{FAE04EC0-301F-11D3-BF4B-00C04F79EFBC}") = "Unity.VisualScripting.SettingsProvider.Editor", "Unity.VisualScripting.SettingsProvider.Editor.csproj", "{4BF77852-17A7-B3F2-CE45-BADD5C0520A0}"
EndProject
Project("{FAE04EC0-301F-11D3-BF4B-00C04F79EFBC}") = "UnityEngine.TestRunner", "UnityEngine.TestRunner.csproj", "{6A9364AC-5187-507F-89C0-EF0FD163D269}"
EndProject
Project("{FAE04EC0-301F-11D3-BF4B-00C04F79EFBC}") = "Unity.Searcher.Editor", "Unity.Searcher.Editor.csproj", "{AC46F5FE-9B01-8ABC-CF7C-BFA2151F5112}"
EndProject
Project("{FAE04EC0-301F-11D3-BF4B-00C04F79EFBC}") = "Unity.Burst", "Unity.Burst.csproj", "{90168BC1-F8A9-87BC-D36E-19191BB1C7FF}"
EndProject
Project("{FAE04EC0-301F-11D3-BF4B-00C04F79EFBC}") = "Unity.Animation.Rigging", "Unity.Animation.Rigging.csproj", "{AA8E0428-1C24-73D0-581A-1CCD83B282E2}"
EndProject
Project("{FAE04EC0-301F-11D3-BF4B-00C04F79EFBC}") = "Unity.VisualStudio.Editor", "Unity.VisualStudio.Editor.csproj", "{20C2A5EE-231B-C192-76BB-FE52F9199687}"
EndProject
Project("{FAE04EC0-301F-11D3-BF4B-00C04F79EFBC}") = "com.unity.cinemachine.editor", "com.unity.cinemachine.editor.csproj", "{E4B925EA-CD5A-08AF-0AB6-8C3646276E6F}"
EndProject
Project("{FAE04EC0-301F-11D3-BF4B-00C04F79EFBC}") = "Unity.Rider.Editor", "Unity.Rider.Editor.csproj", "{43F9D1D0-77A2-7822-B5D9-B46D027A6257}"
EndProject
Project("{FAE04EC0-301F-11D3-BF4B-00C04F79EFBC}") = "Unity.VisualScripting.State.Editor", "Unity.VisualScripting.State.Editor.csproj", "{142D7DC1-7F14-965C-1E17-444BFA2F74D1}"
EndProject
Project("{FAE04EC0-301F-11D3-BF4B-00C04F79EFBC}") = "Unity.Burst.CodeGen", "Unity.Burst.CodeGen.csproj", "{A68679EC-DB71-85BE-12EE-D8CBDE572A4B}"
EndProject
Project("{FAE04EC0-301F-11D3-BF4B-00C04F79EFBC}") = "Unity.VisualScripting.State", "Unity.VisualScripting.State.csproj", "{CB71341A-F632-2EE9-5C44-9EBF5A5A7285}"
EndProject
Project("{FAE04EC0-301F-11D3-BF4B-00C04F79EFBC}") = "Unity.TextMeshPro", "Unity.TextMeshPro.csproj", "{582F1598-0602-75D3-5917-69368106812A}"
EndProject
Project("{FAE04EC0-301F-11D3-BF4B-00C04F79EFBC}") = "Unity.VSCode.Editor", "Unity.VSCode.Editor.csproj", "{938AAFB5-4A3F-602E-82C2-AEACF9CCB001}"
EndProject
Project("{FAE04EC0-301F-11D3-BF4B-00C04F79EFBC}") = "Unity.Animation.Rigging.DocCodeExamples", "Unity.Animation.Rigging.DocCodeExamples.csproj", "{5E35BEDB-02C0-2D06-26D4-DE73BD77C26F}"
EndProject
Project("{FAE04EC0-301F-11D3-BF4B-00C04F79EFBC}") = "Unity.Burst.Editor", "Unity.Burst.Editor.csproj", "{81DE7BC6-0130-0D25-A3B6-8430E736EF8E}"
EndProject
Project("{FAE04EC0-301F-11D3-BF4B-00C04F79EFBC}") = "Assembly-CSharp", "Assembly-CSharp.csproj", "{A2F169B6-C338-DD37-C63B-50D184D346AF}"
EndProject
Project("{FAE04EC0-301F-11D3-BF4B-00C04F79EFBC}") = "Unity.Mathematics.Editor", "Unity.Mathematics.Editor.csproj", "{2CF8EB7D-4C3B-4E60-8206-EE68A7BA1E9B}"
EndProject
Project("{FAE04EC0-301F-11D3-BF4B-00C04F79EFBC}") = "Assembly-CSharp-Editor", "Assembly-CSharp-Editor.csproj", "{A5F0B1BF-54D3-6A79-BB08-8D99DD144BBD}"
EndProject
Project("{FAE04EC0-301F-11D3-BF4B-00C04F79EFBC}") = "Unity.InputSystem.TestFramework", "Unity.InputSystem.TestFramework.csproj", "{40FEF30B-77D3-A52C-20B4-C1BBBB0BAEF2}"
EndProject
Project("{FAE04EC0-301F-11D3-BF4B-00C04F79EFBC}") = "Unity.VisualScripting.Shared.Editor", "Unity.VisualScripting.Shared.Editor.csproj", "{93A96672-E4C5-67D7-4EEF-D5E7F37DE854}"
EndProject
Project("{FAE04EC0-301F-11D3-BF4B-00C04F79EFBC}") = "Unity.CollabProxy.Editor", "Unity.CollabProxy.Editor.csproj", "{6C21531A-E498-F02D-B11C-019EDE53CD9A}"
EndProject
Global
	GlobalSection(SolutionConfigurationPlatforms) = preSolution
		Debug|Any CPU = Debug|Any CPU
		Release|Any CPU = Release|Any CPU
	EndGlobalSection
	GlobalSection(ProjectConfigurationPlatforms) = postSolution
		{00F7DF33-B7B6-B267-48AA-F5D80878017B}.Debug|Any CPU.ActiveCfg = Debug|Any CPU
		{00F7DF33-B7B6-B267-48AA-F5D80878017B}.Debug|Any CPU.Build.0 = Debug|Any CPU
		{00F7DF33-B7B6-B267-48AA-F5D80878017B}.Release|Any CPU.ActiveCfg = Release|Any CPU
		{00F7DF33-B7B6-B267-48AA-F5D80878017B}.Release|Any CPU.Build.0 = Release|Any CPU
		{4203F71C-48BB-03C0-47E8-5203B13D0F8E}.Debug|Any CPU.ActiveCfg = Debug|Any CPU
		{4203F71C-48BB-03C0-47E8-5203B13D0F8E}.Debug|Any CPU.Build.0 = Debug|Any CPU
		{4203F71C-48BB-03C0-47E8-5203B13D0F8E}.Release|Any CPU.ActiveCfg = Release|Any CPU
		{4203F71C-48BB-03C0-47E8-5203B13D0F8E}.Release|Any CPU.Build.0 = Release|Any CPU
		{4C9E1D2B-FE55-401D-8F6A-AC88E6F5DFB1}.Debug|Any CPU.ActiveCfg = Debug|Any CPU
		{4C9E1D2B-FE55-401D-8F6A-AC88E6F5DFB1}.Debug|Any CPU.Build.0 = Debug|Any CPU
		{4C9E1D2B-FE55-401D-8F6A-AC88E6F5DFB1}.Release|Any CPU.ActiveCfg = Release|Any CPU
		{4C9E1D2B-FE55-401D-8F6A-AC88E6F5DFB1}.Release|Any CPU.Build.0 = Release|Any CPU
		{AE99B376-8091-F08A-3D8D-51C651B6B8CC}.Debug|Any CPU.ActiveCfg = Debug|Any CPU
		{AE99B376-8091-F08A-3D8D-51C651B6B8CC}.Debug|Any CPU.Build.0 = Debug|Any CPU
		{AE99B376-8091-F08A-3D8D-51C651B6B8CC}.Release|Any CPU.ActiveCfg = Release|Any CPU
		{AE99B376-8091-F08A-3D8D-51C651B6B8CC}.Release|Any CPU.Build.0 = Release|Any CPU
		{2803A5F8-8D05-328C-1B26-42A95EB5E55C}.Debug|Any CPU.ActiveCfg = Debug|Any CPU
		{2803A5F8-8D05-328C-1B26-42A95EB5E55C}.Debug|Any CPU.Build.0 = Debug|Any CPU
		{2803A5F8-8D05-328C-1B26-42A95EB5E55C}.Release|Any CPU.ActiveCfg = Release|Any CPU
		{2803A5F8-8D05-328C-1B26-42A95EB5E55C}.Release|Any CPU.Build.0 = Release|Any CPU
		{3C96A3F0-32CC-13B0-E273-8414F5215A71}.Debug|Any CPU.ActiveCfg = Debug|Any CPU
		{3C96A3F0-32CC-13B0-E273-8414F5215A71}.Debug|Any CPU.Build.0 = Debug|Any CPU
		{3C96A3F0-32CC-13B0-E273-8414F5215A71}.Release|Any CPU.ActiveCfg = Release|Any CPU
		{3C96A3F0-32CC-13B0-E273-8414F5215A71}.Release|Any CPU.Build.0 = Release|Any CPU
		{9B5AB1EC-BA41-3B5B-E268-5B09B440491F}.Debug|Any CPU.ActiveCfg = Debug|Any CPU
		{9B5AB1EC-BA41-3B5B-E268-5B09B440491F}.Debug|Any CPU.Build.0 = Debug|Any CPU
		{9B5AB1EC-BA41-3B5B-E268-5B09B440491F}.Release|Any CPU.ActiveCfg = Release|Any CPU
		{9B5AB1EC-BA41-3B5B-E268-5B09B440491F}.Release|Any CPU.Build.0 = Release|Any CPU
		{E7F70267-FD07-2EA6-8AEC-2061429BB034}.Debug|Any CPU.ActiveCfg = Debug|Any CPU
		{E7F70267-FD07-2EA6-8AEC-2061429BB034}.Debug|Any CPU.Build.0 = Debug|Any CPU
		{E7F70267-FD07-2EA6-8AEC-2061429BB034}.Release|Any CPU.ActiveCfg = Release|Any CPU
		{E7F70267-FD07-2EA6-8AEC-2061429BB034}.Release|Any CPU.Build.0 = Release|Any CPU
		{18F0BE1A-296D-3127-B18C-E70B5B2CD82F}.Debug|Any CPU.ActiveCfg = Debug|Any CPU
		{18F0BE1A-296D-3127-B18C-E70B5B2CD82F}.Debug|Any CPU.Build.0 = Debug|Any CPU
		{18F0BE1A-296D-3127-B18C-E70B5B2CD82F}.Release|Any CPU.ActiveCfg = Release|Any CPU
		{18F0BE1A-296D-3127-B18C-E70B5B2CD82F}.Release|Any CPU.Build.0 = Release|Any CPU
		{D7F4FB05-F547-E8F0-5911-1A7BE02F7430}.Debug|Any CPU.ActiveCfg = Debug|Any CPU
		{D7F4FB05-F547-E8F0-5911-1A7BE02F7430}.Debug|Any CPU.Build.0 = Debug|Any CPU
		{D7F4FB05-F547-E8F0-5911-1A7BE02F7430}.Release|Any CPU.ActiveCfg = Release|Any CPU
		{D7F4FB05-F547-E8F0-5911-1A7BE02F7430}.Release|Any CPU.Build.0 = Release|Any CPU
		{D9EDA198-D718-287E-ED86-0866E469318A}.Debug|Any CPU.ActiveCfg = Debug|Any CPU
		{D9EDA198-D718-287E-ED86-0866E469318A}.Debug|Any CPU.Build.0 = Debug|Any CPU
		{D9EDA198-D718-287E-ED86-0866E469318A}.Release|Any CPU.ActiveCfg = Release|Any CPU
		{D9EDA198-D718-287E-ED86-0866E469318A}.Release|Any CPU.Build.0 = Release|Any CPU
		{599376B8-DA9E-6CD0-0156-3B5D75368736}.Debug|Any CPU.ActiveCfg = Debug|Any CPU
		{599376B8-DA9E-6CD0-0156-3B5D75368736}.Debug|Any CPU.Build.0 = Debug|Any CPU
		{599376B8-DA9E-6CD0-0156-3B5D75368736}.Release|Any CPU.ActiveCfg = Release|Any CPU
		{599376B8-DA9E-6CD0-0156-3B5D75368736}.Release|Any CPU.Build.0 = Release|Any CPU
		{9628C1D8-520D-EF8F-FC4B-3B0B18DFE8E6}.Debug|Any CPU.ActiveCfg = Debug|Any CPU
		{9628C1D8-520D-EF8F-FC4B-3B0B18DFE8E6}.Debug|Any CPU.Build.0 = Debug|Any CPU
		{9628C1D8-520D-EF8F-FC4B-3B0B18DFE8E6}.Release|Any CPU.ActiveCfg = Release|Any CPU
		{9628C1D8-520D-EF8F-FC4B-3B0B18DFE8E6}.Release|Any CPU.Build.0 = Release|Any CPU
		{4BF77852-17A7-B3F2-CE45-BADD5C0520A0}.Debug|Any CPU.ActiveCfg = Debug|Any CPU
		{4BF77852-17A7-B3F2-CE45-BADD5C0520A0}.Debug|Any CPU.Build.0 = Debug|Any CPU
		{4BF77852-17A7-B3F2-CE45-BADD5C0520A0}.Release|Any CPU.ActiveCfg = Release|Any CPU
		{4BF77852-17A7-B3F2-CE45-BADD5C0520A0}.Release|Any CPU.Build.0 = Release|Any CPU
		{6A9364AC-5187-507F-89C0-EF0FD163D269}.Debug|Any CPU.ActiveCfg = Debug|Any CPU
		{6A9364AC-5187-507F-89C0-EF0FD163D269}.Debug|Any CPU.Build.0 = Debug|Any CPU
		{6A9364AC-5187-507F-89C0-EF0FD163D269}.Release|Any CPU.ActiveCfg = Release|Any CPU
		{6A9364AC-5187-507F-89C0-EF0FD163D269}.Release|Any CPU.Build.0 = Release|Any CPU
		{AC46F5FE-9B01-8ABC-CF7C-BFA2151F5112}.Debug|Any CPU.ActiveCfg = Debug|Any CPU
		{AC46F5FE-9B01-8ABC-CF7C-BFA2151F5112}.Debug|Any CPU.Build.0 = Debug|Any CPU
		{AC46F5FE-9B01-8ABC-CF7C-BFA2151F5112}.Release|Any CPU.ActiveCfg = Release|Any CPU
		{AC46F5FE-9B01-8ABC-CF7C-BFA2151F5112}.Release|Any CPU.Build.0 = Release|Any CPU
		{90168BC1-F8A9-87BC-D36E-19191BB1C7FF}.Debug|Any CPU.ActiveCfg = Debug|Any CPU
		{90168BC1-F8A9-87BC-D36E-19191BB1C7FF}.Debug|Any CPU.Build.0 = Debug|Any CPU
		{90168BC1-F8A9-87BC-D36E-19191BB1C7FF}.Release|Any CPU.ActiveCfg = Release|Any CPU
		{90168BC1-F8A9-87BC-D36E-19191BB1C7FF}.Release|Any CPU.Build.0 = Release|Any CPU
		{AA8E0428-1C24-73D0-581A-1CCD83B282E2}.Debug|Any CPU.ActiveCfg = Debug|Any CPU
		{AA8E0428-1C24-73D0-581A-1CCD83B282E2}.Debug|Any CPU.Build.0 = Debug|Any CPU
		{AA8E0428-1C24-73D0-581A-1CCD83B282E2}.Release|Any CPU.ActiveCfg = Release|Any CPU
		{AA8E0428-1C24-73D0-581A-1CCD83B282E2}.Release|Any CPU.Build.0 = Release|Any CPU
		{20C2A5EE-231B-C192-76BB-FE52F9199687}.Debug|Any CPU.ActiveCfg = Debug|Any CPU
		{20C2A5EE-231B-C192-76BB-FE52F9199687}.Debug|Any CPU.Build.0 = Debug|Any CPU
		{20C2A5EE-231B-C192-76BB-FE52F9199687}.Release|Any CPU.ActiveCfg = Release|Any CPU
		{20C2A5EE-231B-C192-76BB-FE52F9199687}.Release|Any CPU.Build.0 = Release|Any CPU
		{E4B925EA-CD5A-08AF-0AB6-8C3646276E6F}.Debug|Any CPU.ActiveCfg = Debug|Any CPU
		{E4B925EA-CD5A-08AF-0AB6-8C3646276E6F}.Debug|Any CPU.Build.0 = Debug|Any CPU
		{E4B925EA-CD5A-08AF-0AB6-8C3646276E6F}.Release|Any CPU.ActiveCfg = Release|Any CPU
		{E4B925EA-CD5A-08AF-0AB6-8C3646276E6F}.Release|Any CPU.Build.0 = Release|Any CPU
		{43F9D1D0-77A2-7822-B5D9-B46D027A6257}.Debug|Any CPU.ActiveCfg = Debug|Any CPU
		{43F9D1D0-77A2-7822-B5D9-B46D027A6257}.Debug|Any CPU.Build.0 = Debug|Any CPU
		{43F9D1D0-77A2-7822-B5D9-B46D027A6257}.Release|Any CPU.ActiveCfg = Release|Any CPU
		{43F9D1D0-77A2-7822-B5D9-B46D027A6257}.Release|Any CPU.Build.0 = Release|Any CPU
		{142D7DC1-7F14-965C-1E17-444BFA2F74D1}.Debug|Any CPU.ActiveCfg = Debug|Any CPU
		{142D7DC1-7F14-965C-1E17-444BFA2F74D1}.Debug|Any CPU.Build.0 = Debug|Any CPU
		{142D7DC1-7F14-965C-1E17-444BFA2F74D1}.Release|Any CPU.ActiveCfg = Release|Any CPU
		{142D7DC1-7F14-965C-1E17-444BFA2F74D1}.Release|Any CPU.Build.0 = Release|Any CPU
		{A68679EC-DB71-85BE-12EE-D8CBDE572A4B}.Debug|Any CPU.ActiveCfg = Debug|Any CPU
		{A68679EC-DB71-85BE-12EE-D8CBDE572A4B}.Debug|Any CPU.Build.0 = Debug|Any CPU
		{A68679EC-DB71-85BE-12EE-D8CBDE572A4B}.Release|Any CPU.ActiveCfg = Release|Any CPU
		{A68679EC-DB71-85BE-12EE-D8CBDE572A4B}.Release|Any CPU.Build.0 = Release|Any CPU
		{CB71341A-F632-2EE9-5C44-9EBF5A5A7285}.Debug|Any CPU.ActiveCfg = Debug|Any CPU
		{CB71341A-F632-2EE9-5C44-9EBF5A5A7285}.Debug|Any CPU.Build.0 = Debug|Any CPU
		{CB71341A-F632-2EE9-5C44-9EBF5A5A7285}.Release|Any CPU.ActiveCfg = Release|Any CPU
		{CB71341A-F632-2EE9-5C44-9EBF5A5A7285}.Release|Any CPU.Build.0 = Release|Any CPU
		{582F1598-0602-75D3-5917-69368106812A}.Debug|Any CPU.ActiveCfg = Debug|Any CPU
		{582F1598-0602-75D3-5917-69368106812A}.Debug|Any CPU.Build.0 = Debug|Any CPU
		{582F1598-0602-75D3-5917-69368106812A}.Release|Any CPU.ActiveCfg = Release|Any CPU
		{582F1598-0602-75D3-5917-69368106812A}.Release|Any CPU.Build.0 = Release|Any CPU
		{938AAFB5-4A3F-602E-82C2-AEACF9CCB001}.Debug|Any CPU.ActiveCfg = Debug|Any CPU
		{938AAFB5-4A3F-602E-82C2-AEACF9CCB001}.Debug|Any CPU.Build.0 = Debug|Any CPU
		{938AAFB5-4A3F-602E-82C2-AEACF9CCB001}.Release|Any CPU.ActiveCfg = Release|Any CPU
		{938AAFB5-4A3F-602E-82C2-AEACF9CCB001}.Release|Any CPU.Build.0 = Release|Any CPU
		{5E35BEDB-02C0-2D06-26D4-DE73BD77C26F}.Debug|Any CPU.ActiveCfg = Debug|Any CPU
		{5E35BEDB-02C0-2D06-26D4-DE73BD77C26F}.Debug|Any CPU.Build.0 = Debug|Any CPU
		{5E35BEDB-02C0-2D06-26D4-DE73BD77C26F}.Release|Any CPU.ActiveCfg = Release|Any CPU
		{5E35BEDB-02C0-2D06-26D4-DE73BD77C26F}.Release|Any CPU.Build.0 = Release|Any CPU
		{81DE7BC6-0130-0D25-A3B6-8430E736EF8E}.Debug|Any CPU.ActiveCfg = Debug|Any CPU
		{81DE7BC6-0130-0D25-A3B6-8430E736EF8E}.Debug|Any CPU.Build.0 = Debug|Any CPU
		{81DE7BC6-0130-0D25-A3B6-8430E736EF8E}.Release|Any CPU.ActiveCfg = Release|Any CPU
		{81DE7BC6-0130-0D25-A3B6-8430E736EF8E}.Release|Any CPU.Build.0 = Release|Any CPU
		{A2F169B6-C338-DD37-C63B-50D184D346AF}.Debug|Any CPU.ActiveCfg = Debug|Any CPU
		{A2F169B6-C338-DD37-C63B-50D184D346AF}.Debug|Any CPU.Build.0 = Debug|Any CPU
		{A2F169B6-C338-DD37-C63B-50D184D346AF}.Release|Any CPU.ActiveCfg = Release|Any CPU
		{A2F169B6-C338-DD37-C63B-50D184D346AF}.Release|Any CPU.Build.0 = Release|Any CPU
		{2CF8EB7D-4C3B-4E60-8206-EE68A7BA1E9B}.Debug|Any CPU.ActiveCfg = Debug|Any CPU
		{2CF8EB7D-4C3B-4E60-8206-EE68A7BA1E9B}.Debug|Any CPU.Build.0 = Debug|Any CPU
		{2CF8EB7D-4C3B-4E60-8206-EE68A7BA1E9B}.Release|Any CPU.ActiveCfg = Release|Any CPU
		{2CF8EB7D-4C3B-4E60-8206-EE68A7BA1E9B}.Release|Any CPU.Build.0 = Release|Any CPU
		{A5F0B1BF-54D3-6A79-BB08-8D99DD144BBD}.Debug|Any CPU.ActiveCfg = Debug|Any CPU
		{A5F0B1BF-54D3-6A79-BB08-8D99DD144BBD}.Debug|Any CPU.Build.0 = Debug|Any CPU
		{A5F0B1BF-54D3-6A79-BB08-8D99DD144BBD}.Release|Any CPU.ActiveCfg = Release|Any CPU
		{A5F0B1BF-54D3-6A79-BB08-8D99DD144BBD}.Release|Any CPU.Build.0 = Release|Any CPU
		{40FEF30B-77D3-A52C-20B4-C1BBBB0BAEF2}.Debug|Any CPU.ActiveCfg = Debug|Any CPU
		{40FEF30B-77D3-A52C-20B4-C1BBBB0BAEF2}.Debug|Any CPU.Build.0 = Debug|Any CPU
		{40FEF30B-77D3-A52C-20B4-C1BBBB0BAEF2}.Release|Any CPU.ActiveCfg = Release|Any CPU
		{40FEF30B-77D3-A52C-20B4-C1BBBB0BAEF2}.Release|Any CPU.Build.0 = Release|Any CPU
		{93A96672-E4C5-67D7-4EEF-D5E7F37DE854}.Debug|Any CPU.ActiveCfg = Debug|Any CPU
		{93A96672-E4C5-67D7-4EEF-D5E7F37DE854}.Debug|Any CPU.Build.0 = Debug|Any CPU
		{93A96672-E4C5-67D7-4EEF-D5E7F37DE854}.Release|Any CPU.ActiveCfg = Release|Any CPU
		{93A96672-E4C5-67D7-4EEF-D5E7F37DE854}.Release|Any CPU.Build.0 = Release|Any CPU
		{6C21531A-E498-F02D-B11C-019EDE53CD9A}.Debug|Any CPU.ActiveCfg = Debug|Any CPU
		{6C21531A-E498-F02D-B11C-019EDE53CD9A}.Debug|Any CPU.Build.0 = Debug|Any CPU
		{6C21531A-E498-F02D-B11C-019EDE53CD9A}.Release|Any CPU.ActiveCfg = Release|Any CPU
		{6C21531A-E498-F02D-B11C-019EDE53CD9A}.Release|Any CPU.Build.0 = Release|Any CPU
	EndGlobalSection
	GlobalSection(SolutionProperties) = preSolution
		HideSolutionNode = FALSE
	EndGlobalSection
EndGlobal
