
Microsoft Visual Studio Solution File, Format Version 12.00
# Visual Studio 15
Project("{FAE04EC0-301F-11D3-BF4B-00C04F79EFBC}") = "Unity.Timeline", "Unity.Timeline.csproj", "{C4DB1AE0-DF61-368C-42DA-859BE94E4F58}"
EndProject
Project("{FAE04EC0-301F-11D3-BF4B-00C04F79EFBC}") = "Unity.Timeline.Editor", "Unity.Timeline.Editor.csproj", "{C0411A9E-A221-F985-E73C-7671DCB753B7}"
EndProject
Project("{FAE04EC0-301F-11D3-BF4B-00C04F79EFBC}") = "Unity.InputSystem", "Unity.InputSystem.csproj", "{771D757E-DA62-4D4F-E378-0CD33BD5BAB3}"
EndProject
Project("{FAE04EC0-301F-11D3-BF4B-00C04F79EFBC}") = "Unity.TextMeshPro.Editor", "Unity.TextMeshPro.Editor.csproj", "{EA2056C8-74C5-7739-1DF1-38C04D2C85AC}"
EndProject
Project("{FAE04EC0-301F-11D3-BF4B-00C04F79EFBC}") = "Unity.VisualScripting.Flow", "Unity.VisualScripting.Flow.csproj", "{5A9148A9-4F20-287E-5C82-AB8FBA83D02D}"
EndProject
Project("{FAE04EC0-301F-11D3-BF4B-00C04F79EFBC}") = "Unity.PlasticSCM.Editor", "Unity.PlasticSCM.Editor.csproj", "{4DC9BDD8-A969-9705-5034-ED65B503F821}"
EndProject
Project("{FAE04EC0-301F-11D3-BF4B-00C04F79EFBC}") = "Unity.VisualScripting.Core", "Unity.VisualScripting.Core.csproj", "{2136911C-E82B-3CB2-E9C8-6A9FC7CA3676}"
EndProject
Project("{FAE04EC0-301F-11D3-BF4B-00C04F79EFBC}") = "Unity.Animation.Rigging.Editor", "Unity.Animation.Rigging.Editor.csproj", "{FA5D8F34-5962-C11A-1D85-06D8CA379AEE}"
EndProject
Project("{FAE04EC0-301F-11D3-BF4B-00C04F79EFBC}") = "Unity.Mathematics", "Unity.Mathematics.csproj", "{0B732928-BBBB-E89E-AB83-F85BC7B57597}"
EndProject
Project("{FAE04EC0-301F-11D3-BF4B-00C04F79EFBC}") = "Cinemachine", "Cinemachine.csproj", "{5F93F181-DA67-310D-7B9B-F2A70D9D1CC2}"
EndProject
Project("{FAE04EC0-301F-11D3-BF4B-00C04F79EFBC}") = "Unity.VisualScripting.Core.Editor", "Unity.VisualScripting.Core.Editor.csproj", "{B1207B28-7C95-504F-F1DC-BA0236389C42}"
EndProject
Project("{FAE04EC0-301F-11D3-BF4B-00C04F79EFBC}") = "Unity.VisualScripting.Flow.Editor", "Unity.VisualScripting.Flow.Editor.csproj", "{FA8986B8-7BDA-9047-26C3-F1F17B877E9F}"
EndProject
Project("{FAE04EC0-301F-11D3-BF4B-00C04F79EFBC}") = "UnityEditor.TestRunner", "UnityEditor.TestRunner.csproj", "{81301705-A6A4-3218-0AF7-1EC7935AF6D6}"
EndProject
Project("{FAE04EC0-301F-11D3-BF4B-00C04F79EFBC}") = "Unity.VisualScripting.SettingsProvider.Editor", "Unity.VisualScripting.SettingsProvider.Editor.csproj", "{E7AD19B7-EF0A-6FFB-8ABD-87D1C0545F7B}"
EndProject
Project("{FAE04EC0-301F-11D3-BF4B-00C04F79EFBC}") = "UnityEngine.TestRunner", "UnityEngine.TestRunner.csproj", "{8FD236A7-C142-DBAB-4E78-26211BF48E90}"
EndProject
Project("{FAE04EC0-301F-11D3-BF4B-00C04F79EFBC}") = "Unity.Searcher.Editor", "Unity.Searcher.Editor.csproj", "{A2762CE7-F5E0-87DC-5255-C163529CD6FA}"
EndProject
Project("{FAE04EC0-301F-11D3-BF4B-00C04F79EFBC}") = "Unity.Burst", "Unity.Burst.csproj", "{52DEBFC2-E0C7-42B3-9BE2-043669A5D5E9}"
EndProject
Project("{FAE04EC0-301F-11D3-BF4B-00C04F79EFBC}") = "Unity.AI.Navigation.Editor", "Unity.AI.Navigation.Editor.csproj", "{FDCDF310-C55B-685D-5EF0-5C871C0FDC81}"
EndProject
Project("{FAE04EC0-301F-11D3-BF4B-00C04F79EFBC}") = "Unity.Animation.Rigging", "Unity.Animation.Rigging.csproj", "{108394E0-4A10-E259-7838-78CB4DBE8B33}"
EndProject
Project("{FAE04EC0-301F-11D3-BF4B-00C04F79EFBC}") = "Unity.VisualStudio.Editor", "Unity.VisualStudio.Editor.csproj", "{84FB32BA-D6B8-1D65-DD55-0C5729EBCCA2}"
EndProject
Project("{FAE04EC0-301F-11D3-BF4B-00C04F79EFBC}") = "com.unity.cinemachine.editor", "com.unity.cinemachine.editor.csproj", "{6DA9AA04-3756-4189-D9C9-0E29E53FC542}"
EndProject
Project("{FAE04EC0-301F-11D3-BF4B-00C04F79EFBC}") = "Unity.Rider.Editor", "Unity.Rider.Editor.csproj", "{41849ADF-9AA6-80FF-07EA-A7742BAE61BE}"
EndProject
Project("{FAE04EC0-301F-11D3-BF4B-00C04F79EFBC}") = "Unity.AI.Navigation", "Unity.AI.Navigation.csproj", "{3C70A031-A664-BD58-A34E-7AE0D085962A}"
EndProject
Project("{FAE04EC0-301F-11D3-BF4B-00C04F79EFBC}") = "Unity.AI.Navigation.Editor.ConversionSystem", "Unity.AI.Navigation.Editor.ConversionSystem.csproj", "{91D90972-0B5A-F813-C040-E1C6A7F01FCF}"
EndProject
Project("{FAE04EC0-301F-11D3-BF4B-00C04F79EFBC}") = "Unity.VisualScripting.State.Editor", "Unity.VisualScripting.State.Editor.csproj", "{CB1ED1D9-0742-216B-901D-6A1697C7E558}"
EndProject
Project("{FAE04EC0-301F-11D3-BF4B-00C04F79EFBC}") = "Unity.Burst.CodeGen", "Unity.Burst.CodeGen.csproj", "{3177D800-0C27-2F82-F54A-FBC9D7F98762}"
EndProject
Project("{FAE04EC0-301F-11D3-BF4B-00C04F79EFBC}") = "Unity.VisualScripting.State", "Unity.VisualScripting.State.csproj", "{818A410B-472B-67FD-7A4B-4EBBEF1859C5}"
EndProject
Project("{FAE04EC0-301F-11D3-BF4B-00C04F79EFBC}") = "Unity.TextMeshPro", "Unity.TextMeshPro.csproj", "{9993998D-E3F1-84DE-9411-BB19273971B6}"
EndProject
Project("{FAE04EC0-301F-11D3-BF4B-00C04F79EFBC}") = "Unity.VSCode.Editor", "Unity.VSCode.Editor.csproj", "{37DA5B4D-586A-6BBB-2705-FF50AE2D93BD}"
EndProject
Project("{FAE04EC0-301F-11D3-BF4B-00C04F79EFBC}") = "Unity.Animation.Rigging.DocCodeExamples", "Unity.Animation.Rigging.DocCodeExamples.csproj", "{5C3B14BE-A0E9-D81D-C853-2441C68280ED}"
EndProject
Project("{FAE04EC0-301F-11D3-BF4B-00C04F79EFBC}") = "Unity.Burst.Editor", "Unity.Burst.Editor.csproj", "{DDA68E93-D643-D7C8-3A29-B77ADC5767FB}"
EndProject
Project("{FAE04EC0-301F-11D3-BF4B-00C04F79EFBC}") = "Unity.AI.Navigation.Updater", "Unity.AI.Navigation.Updater.csproj", "{1B9CEB6A-F1AC-2DE7-E748-9D560C512409}"
EndProject
Project("{FAE04EC0-301F-11D3-BF4B-00C04F79EFBC}") = "Assembly-CSharp", "Assembly-CSharp.csproj", "{62268BC8-DE57-702A-4FD3-EC9F85951569}"
EndProject
Project("{FAE04EC0-301F-11D3-BF4B-00C04F79EFBC}") = "Unity.Mathematics.Editor", "Unity.Mathematics.Editor.csproj", "{1543E5FB-318A-EE8F-C2C1-D84E57E24122}"
EndProject
Project("{FAE04EC0-301F-11D3-BF4B-00C04F79EFBC}") = "Assembly-CSharp-Editor", "Assembly-CSharp-Editor.csproj", "{FDD55BAD-18B6-5374-1CE5-904539676BBE}"
EndProject
Project("{FAE04EC0-301F-11D3-BF4B-00C04F79EFBC}") = "Unity.InputSystem.TestFramework", "Unity.InputSystem.TestFramework.csproj", "{D20D3D3D-344E-82FA-ED19-F822D535F67E}"
EndProject
Project("{FAE04EC0-301F-11D3-BF4B-00C04F79EFBC}") = "Unity.VisualScripting.Shared.Editor", "Unity.VisualScripting.Shared.Editor.csproj", "{45ED715D-C06B-8964-61B2-9C62A6FD10A0}"
EndProject
Project("{FAE04EC0-301F-11D3-BF4B-00C04F79EFBC}") = "Unity.CollabProxy.Editor", "Unity.CollabProxy.Editor.csproj", "{8717B83C-5738-23F7-B0E2-DC289868872B}"
EndProject
Global
	GlobalSection(SolutionConfigurationPlatforms) = preSolution
		Debug|Any CPU = Debug|Any CPU
		Release|Any CPU = Release|Any CPU
	EndGlobalSection
	GlobalSection(ProjectConfigurationPlatforms) = postSolution
		{C4DB1AE0-DF61-368C-42DA-859BE94E4F58}.Debug|Any CPU.ActiveCfg = Debug|Any CPU
		{C4DB1AE0-DF61-368C-42DA-859BE94E4F58}.Debug|Any CPU.Build.0 = Debug|Any CPU
		{C4DB1AE0-DF61-368C-42DA-859BE94E4F58}.Release|Any CPU.ActiveCfg = Release|Any CPU
		{C4DB1AE0-DF61-368C-42DA-859BE94E4F58}.Release|Any CPU.Build.0 = Release|Any CPU
		{C0411A9E-A221-F985-E73C-7671DCB753B7}.Debug|Any CPU.ActiveCfg = Debug|Any CPU
		{C0411A9E-A221-F985-E73C-7671DCB753B7}.Debug|Any CPU.Build.0 = Debug|Any CPU
		{C0411A9E-A221-F985-E73C-7671DCB753B7}.Release|Any CPU.ActiveCfg = Release|Any CPU
		{C0411A9E-A221-F985-E73C-7671DCB753B7}.Release|Any CPU.Build.0 = Release|Any CPU
		{771D757E-DA62-4D4F-E378-0CD33BD5BAB3}.Debug|Any CPU.ActiveCfg = Debug|Any CPU
		{771D757E-DA62-4D4F-E378-0CD33BD5BAB3}.Debug|Any CPU.Build.0 = Debug|Any CPU
		{771D757E-DA62-4D4F-E378-0CD33BD5BAB3}.Release|Any CPU.ActiveCfg = Release|Any CPU
		{771D757E-DA62-4D4F-E378-0CD33BD5BAB3}.Release|Any CPU.Build.0 = Release|Any CPU
		{EA2056C8-74C5-7739-1DF1-38C04D2C85AC}.Debug|Any CPU.ActiveCfg = Debug|Any CPU
		{EA2056C8-74C5-7739-1DF1-38C04D2C85AC}.Debug|Any CPU.Build.0 = Debug|Any CPU
		{EA2056C8-74C5-7739-1DF1-38C04D2C85AC}.Release|Any CPU.ActiveCfg = Release|Any CPU
		{EA2056C8-74C5-7739-1DF1-38C04D2C85AC}.Release|Any CPU.Build.0 = Release|Any CPU
		{5A9148A9-4F20-287E-5C82-AB8FBA83D02D}.Debug|Any CPU.ActiveCfg = Debug|Any CPU
		{5A9148A9-4F20-287E-5C82-AB8FBA83D02D}.Debug|Any CPU.Build.0 = Debug|Any CPU
		{5A9148A9-4F20-287E-5C82-AB8FBA83D02D}.Release|Any CPU.ActiveCfg = Release|Any CPU
		{5A9148A9-4F20-287E-5C82-AB8FBA83D02D}.Release|Any CPU.Build.0 = Release|Any CPU
		{4DC9BDD8-A969-9705-5034-ED65B503F821}.Debug|Any CPU.ActiveCfg = Debug|Any CPU
		{4DC9BDD8-A969-9705-5034-ED65B503F821}.Debug|Any CPU.Build.0 = Debug|Any CPU
		{4DC9BDD8-A969-9705-5034-ED65B503F821}.Release|Any CPU.ActiveCfg = Release|Any CPU
		{4DC9BDD8-A969-9705-5034-ED65B503F821}.Release|Any CPU.Build.0 = Release|Any CPU
		{2136911C-E82B-3CB2-E9C8-6A9FC7CA3676}.Debug|Any CPU.ActiveCfg = Debug|Any CPU
		{2136911C-E82B-3CB2-E9C8-6A9FC7CA3676}.Debug|Any CPU.Build.0 = Debug|Any CPU
		{2136911C-E82B-3CB2-E9C8-6A9FC7CA3676}.Release|Any CPU.ActiveCfg = Release|Any CPU
		{2136911C-E82B-3CB2-E9C8-6A9FC7CA3676}.Release|Any CPU.Build.0 = Release|Any CPU
		{FA5D8F34-5962-C11A-1D85-06D8CA379AEE}.Debug|Any CPU.ActiveCfg = Debug|Any CPU
		{FA5D8F34-5962-C11A-1D85-06D8CA379AEE}.Debug|Any CPU.Build.0 = Debug|Any CPU
		{FA5D8F34-5962-C11A-1D85-06D8CA379AEE}.Release|Any CPU.ActiveCfg = Release|Any CPU
		{FA5D8F34-5962-C11A-1D85-06D8CA379AEE}.Release|Any CPU.Build.0 = Release|Any CPU
		{0B732928-BBBB-E89E-AB83-F85BC7B57597}.Debug|Any CPU.ActiveCfg = Debug|Any CPU
		{0B732928-BBBB-E89E-AB83-F85BC7B57597}.Debug|Any CPU.Build.0 = Debug|Any CPU
		{0B732928-BBBB-E89E-AB83-F85BC7B57597}.Release|Any CPU.ActiveCfg = Release|Any CPU
		{0B732928-BBBB-E89E-AB83-F85BC7B57597}.Release|Any CPU.Build.0 = Release|Any CPU
		{5F93F181-DA67-310D-7B9B-F2A70D9D1CC2}.Debug|Any CPU.ActiveCfg = Debug|Any CPU
		{5F93F181-DA67-310D-7B9B-F2A70D9D1CC2}.Debug|Any CPU.Build.0 = Debug|Any CPU
		{5F93F181-DA67-310D-7B9B-F2A70D9D1CC2}.Release|Any CPU.ActiveCfg = Release|Any CPU
		{5F93F181-DA67-310D-7B9B-F2A70D9D1CC2}.Release|Any CPU.Build.0 = Release|Any CPU
		{B1207B28-7C95-504F-F1DC-BA0236389C42}.Debug|Any CPU.ActiveCfg = Debug|Any CPU
		{B1207B28-7C95-504F-F1DC-BA0236389C42}.Debug|Any CPU.Build.0 = Debug|Any CPU
		{B1207B28-7C95-504F-F1DC-BA0236389C42}.Release|Any CPU.ActiveCfg = Release|Any CPU
		{B1207B28-7C95-504F-F1DC-BA0236389C42}.Release|Any CPU.Build.0 = Release|Any CPU
		{FA8986B8-7BDA-9047-26C3-F1F17B877E9F}.Debug|Any CPU.ActiveCfg = Debug|Any CPU
		{FA8986B8-7BDA-9047-26C3-F1F17B877E9F}.Debug|Any CPU.Build.0 = Debug|Any CPU
		{FA8986B8-7BDA-9047-26C3-F1F17B877E9F}.Release|Any CPU.ActiveCfg = Release|Any CPU
		{FA8986B8-7BDA-9047-26C3-F1F17B877E9F}.Release|Any CPU.Build.0 = Release|Any CPU
		{81301705-A6A4-3218-0AF7-1EC7935AF6D6}.Debug|Any CPU.ActiveCfg = Debug|Any CPU
		{81301705-A6A4-3218-0AF7-1EC7935AF6D6}.Debug|Any CPU.Build.0 = Debug|Any CPU
		{81301705-A6A4-3218-0AF7-1EC7935AF6D6}.Release|Any CPU.ActiveCfg = Release|Any CPU
		{81301705-A6A4-3218-0AF7-1EC7935AF6D6}.Release|Any CPU.Build.0 = Release|Any CPU
		{E7AD19B7-EF0A-6FFB-8ABD-87D1C0545F7B}.Debug|Any CPU.ActiveCfg = Debug|Any CPU
		{E7AD19B7-EF0A-6FFB-8ABD-87D1C0545F7B}.Debug|Any CPU.Build.0 = Debug|Any CPU
		{E7AD19B7-EF0A-6FFB-8ABD-87D1C0545F7B}.Release|Any CPU.ActiveCfg = Release|Any CPU
		{E7AD19B7-EF0A-6FFB-8ABD-87D1C0545F7B}.Release|Any CPU.Build.0 = Release|Any CPU
		{8FD236A7-C142-DBAB-4E78-26211BF48E90}.Debug|Any CPU.ActiveCfg = Debug|Any CPU
		{8FD236A7-C142-DBAB-4E78-26211BF48E90}.Debug|Any CPU.Build.0 = Debug|Any CPU
		{8FD236A7-C142-DBAB-4E78-26211BF48E90}.Release|Any CPU.ActiveCfg = Release|Any CPU
		{8FD236A7-C142-DBAB-4E78-26211BF48E90}.Release|Any CPU.Build.0 = Release|Any CPU
		{A2762CE7-F5E0-87DC-5255-C163529CD6FA}.Debug|Any CPU.ActiveCfg = Debug|Any CPU
		{A2762CE7-F5E0-87DC-5255-C163529CD6FA}.Debug|Any CPU.Build.0 = Debug|Any CPU
		{A2762CE7-F5E0-87DC-5255-C163529CD6FA}.Release|Any CPU.ActiveCfg = Release|Any CPU
		{A2762CE7-F5E0-87DC-5255-C163529CD6FA}.Release|Any CPU.Build.0 = Release|Any CPU
		{52DEBFC2-E0C7-42B3-9BE2-043669A5D5E9}.Debug|Any CPU.ActiveCfg = Debug|Any CPU
		{52DEBFC2-E0C7-42B3-9BE2-043669A5D5E9}.Debug|Any CPU.Build.0 = Debug|Any CPU
		{52DEBFC2-E0C7-42B3-9BE2-043669A5D5E9}.Release|Any CPU.ActiveCfg = Release|Any CPU
		{52DEBFC2-E0C7-42B3-9BE2-043669A5D5E9}.Release|Any CPU.Build.0 = Release|Any CPU
		{FDCDF310-C55B-685D-5EF0-5C871C0FDC81}.Debug|Any CPU.ActiveCfg = Debug|Any CPU
		{FDCDF310-C55B-685D-5EF0-5C871C0FDC81}.Debug|Any CPU.Build.0 = Debug|Any CPU
		{FDCDF310-C55B-685D-5EF0-5C871C0FDC81}.Release|Any CPU.ActiveCfg = Release|Any CPU
		{FDCDF310-C55B-685D-5EF0-5C871C0FDC81}.Release|Any CPU.Build.0 = Release|Any CPU
		{108394E0-4A10-E259-7838-78CB4DBE8B33}.Debug|Any CPU.ActiveCfg = Debug|Any CPU
		{108394E0-4A10-E259-7838-78CB4DBE8B33}.Debug|Any CPU.Build.0 = Debug|Any CPU
		{108394E0-4A10-E259-7838-78CB4DBE8B33}.Release|Any CPU.ActiveCfg = Release|Any CPU
		{108394E0-4A10-E259-7838-78CB4DBE8B33}.Release|Any CPU.Build.0 = Release|Any CPU
		{84FB32BA-D6B8-1D65-DD55-0C5729EBCCA2}.Debug|Any CPU.ActiveCfg = Debug|Any CPU
		{84FB32BA-D6B8-1D65-DD55-0C5729EBCCA2}.Debug|Any CPU.Build.0 = Debug|Any CPU
		{84FB32BA-D6B8-1D65-DD55-0C5729EBCCA2}.Release|Any CPU.ActiveCfg = Release|Any CPU
		{84FB32BA-D6B8-1D65-DD55-0C5729EBCCA2}.Release|Any CPU.Build.0 = Release|Any CPU
		{6DA9AA04-3756-4189-D9C9-0E29E53FC542}.Debug|Any CPU.ActiveCfg = Debug|Any CPU
		{6DA9AA04-3756-4189-D9C9-0E29E53FC542}.Debug|Any CPU.Build.0 = Debug|Any CPU
		{6DA9AA04-3756-4189-D9C9-0E29E53FC542}.Release|Any CPU.ActiveCfg = Release|Any CPU
		{6DA9AA04-3756-4189-D9C9-0E29E53FC542}.Release|Any CPU.Build.0 = Release|Any CPU
		{41849ADF-9AA6-80FF-07EA-A7742BAE61BE}.Debug|Any CPU.ActiveCfg = Debug|Any CPU
		{41849ADF-9AA6-80FF-07EA-A7742BAE61BE}.Debug|Any CPU.Build.0 = Debug|Any CPU
		{41849ADF-9AA6-80FF-07EA-A7742BAE61BE}.Release|Any CPU.ActiveCfg = Release|Any CPU
		{41849ADF-9AA6-80FF-07EA-A7742BAE61BE}.Release|Any CPU.Build.0 = Release|Any CPU
		{3C70A031-A664-BD58-A34E-7AE0D085962A}.Debug|Any CPU.ActiveCfg = Debug|Any CPU
		{3C70A031-A664-BD58-A34E-7AE0D085962A}.Debug|Any CPU.Build.0 = Debug|Any CPU
		{3C70A031-A664-BD58-A34E-7AE0D085962A}.Release|Any CPU.ActiveCfg = Release|Any CPU
		{3C70A031-A664-BD58-A34E-7AE0D085962A}.Release|Any CPU.Build.0 = Release|Any CPU
		{91D90972-0B5A-F813-C040-E1C6A7F01FCF}.Debug|Any CPU.ActiveCfg = Debug|Any CPU
		{91D90972-0B5A-F813-C040-E1C6A7F01FCF}.Debug|Any CPU.Build.0 = Debug|Any CPU
		{91D90972-0B5A-F813-C040-E1C6A7F01FCF}.Release|Any CPU.ActiveCfg = Release|Any CPU
		{91D90972-0B5A-F813-C040-E1C6A7F01FCF}.Release|Any CPU.Build.0 = Release|Any CPU
		{CB1ED1D9-0742-216B-901D-6A1697C7E558}.Debug|Any CPU.ActiveCfg = Debug|Any CPU
		{CB1ED1D9-0742-216B-901D-6A1697C7E558}.Debug|Any CPU.Build.0 = Debug|Any CPU
		{CB1ED1D9-0742-216B-901D-6A1697C7E558}.Release|Any CPU.ActiveCfg = Release|Any CPU
		{CB1ED1D9-0742-216B-901D-6A1697C7E558}.Release|Any CPU.Build.0 = Release|Any CPU
		{3177D800-0C27-2F82-F54A-FBC9D7F98762}.Debug|Any CPU.ActiveCfg = Debug|Any CPU
		{3177D800-0C27-2F82-F54A-FBC9D7F98762}.Debug|Any CPU.Build.0 = Debug|Any CPU
		{3177D800-0C27-2F82-F54A-FBC9D7F98762}.Release|Any CPU.ActiveCfg = Release|Any CPU
		{3177D800-0C27-2F82-F54A-FBC9D7F98762}.Release|Any CPU.Build.0 = Release|Any CPU
		{818A410B-472B-67FD-7A4B-4EBBEF1859C5}.Debug|Any CPU.ActiveCfg = Debug|Any CPU
		{818A410B-472B-67FD-7A4B-4EBBEF1859C5}.Debug|Any CPU.Build.0 = Debug|Any CPU
		{818A410B-472B-67FD-7A4B-4EBBEF1859C5}.Release|Any CPU.ActiveCfg = Release|Any CPU
		{818A410B-472B-67FD-7A4B-4EBBEF1859C5}.Release|Any CPU.Build.0 = Release|Any CPU
		{9993998D-E3F1-84DE-9411-BB19273971B6}.Debug|Any CPU.ActiveCfg = Debug|Any CPU
		{9993998D-E3F1-84DE-9411-BB19273971B6}.Debug|Any CPU.Build.0 = Debug|Any CPU
		{9993998D-E3F1-84DE-9411-BB19273971B6}.Release|Any CPU.ActiveCfg = Release|Any CPU
		{9993998D-E3F1-84DE-9411-BB19273971B6}.Release|Any CPU.Build.0 = Release|Any CPU
		{37DA5B4D-586A-6BBB-2705-FF50AE2D93BD}.Debug|Any CPU.ActiveCfg = Debug|Any CPU
		{37DA5B4D-586A-6BBB-2705-FF50AE2D93BD}.Debug|Any CPU.Build.0 = Debug|Any CPU
		{37DA5B4D-586A-6BBB-2705-FF50AE2D93BD}.Release|Any CPU.ActiveCfg = Release|Any CPU
		{37DA5B4D-586A-6BBB-2705-FF50AE2D93BD}.Release|Any CPU.Build.0 = Release|Any CPU
		{5C3B14BE-A0E9-D81D-C853-2441C68280ED}.Debug|Any CPU.ActiveCfg = Debug|Any CPU
		{5C3B14BE-A0E9-D81D-C853-2441C68280ED}.Debug|Any CPU.Build.0 = Debug|Any CPU
		{5C3B14BE-A0E9-D81D-C853-2441C68280ED}.Release|Any CPU.ActiveCfg = Release|Any CPU
		{5C3B14BE-A0E9-D81D-C853-2441C68280ED}.Release|Any CPU.Build.0 = Release|Any CPU
		{DDA68E93-D643-D7C8-3A29-B77ADC5767FB}.Debug|Any CPU.ActiveCfg = Debug|Any CPU
		{DDA68E93-D643-D7C8-3A29-B77ADC5767FB}.Debug|Any CPU.Build.0 = Debug|Any CPU
		{DDA68E93-D643-D7C8-3A29-B77ADC5767FB}.Release|Any CPU.ActiveCfg = Release|Any CPU
		{DDA68E93-D643-D7C8-3A29-B77ADC5767FB}.Release|Any CPU.Build.0 = Release|Any CPU
		{1B9CEB6A-F1AC-2DE7-E748-9D560C512409}.Debug|Any CPU.ActiveCfg = Debug|Any CPU
		{1B9CEB6A-F1AC-2DE7-E748-9D560C512409}.Debug|Any CPU.Build.0 = Debug|Any CPU
		{1B9CEB6A-F1AC-2DE7-E748-9D560C512409}.Release|Any CPU.ActiveCfg = Release|Any CPU
		{1B9CEB6A-F1AC-2DE7-E748-9D560C512409}.Release|Any CPU.Build.0 = Release|Any CPU
		{62268BC8-DE57-702A-4FD3-EC9F85951569}.Debug|Any CPU.ActiveCfg = Debug|Any CPU
		{62268BC8-DE57-702A-4FD3-EC9F85951569}.Debug|Any CPU.Build.0 = Debug|Any CPU
		{62268BC8-DE57-702A-4FD3-EC9F85951569}.Release|Any CPU.ActiveCfg = Release|Any CPU
		{62268BC8-DE57-702A-4FD3-EC9F85951569}.Release|Any CPU.Build.0 = Release|Any CPU
		{1543E5FB-318A-EE8F-C2C1-D84E57E24122}.Debug|Any CPU.ActiveCfg = Debug|Any CPU
		{1543E5FB-318A-EE8F-C2C1-D84E57E24122}.Debug|Any CPU.Build.0 = Debug|Any CPU
		{1543E5FB-318A-EE8F-C2C1-D84E57E24122}.Release|Any CPU.ActiveCfg = Release|Any CPU
		{1543E5FB-318A-EE8F-C2C1-D84E57E24122}.Release|Any CPU.Build.0 = Release|Any CPU
		{FDD55BAD-18B6-5374-1CE5-904539676BBE}.Debug|Any CPU.ActiveCfg = Debug|Any CPU
		{FDD55BAD-18B6-5374-1CE5-904539676BBE}.Debug|Any CPU.Build.0 = Debug|Any CPU
		{FDD55BAD-18B6-5374-1CE5-904539676BBE}.Release|Any CPU.ActiveCfg = Release|Any CPU
		{FDD55BAD-18B6-5374-1CE5-904539676BBE}.Release|Any CPU.Build.0 = Release|Any CPU
		{D20D3D3D-344E-82FA-ED19-F822D535F67E}.Debug|Any CPU.ActiveCfg = Debug|Any CPU
		{D20D3D3D-344E-82FA-ED19-F822D535F67E}.Debug|Any CPU.Build.0 = Debug|Any CPU
		{D20D3D3D-344E-82FA-ED19-F822D535F67E}.Release|Any CPU.ActiveCfg = Release|Any CPU
		{D20D3D3D-344E-82FA-ED19-F822D535F67E}.Release|Any CPU.Build.0 = Release|Any CPU
		{45ED715D-C06B-8964-61B2-9C62A6FD10A0}.Debug|Any CPU.ActiveCfg = Debug|Any CPU
		{45ED715D-C06B-8964-61B2-9C62A6FD10A0}.Debug|Any CPU.Build.0 = Debug|Any CPU
		{45ED715D-C06B-8964-61B2-9C62A6FD10A0}.Release|Any CPU.ActiveCfg = Release|Any CPU
		{45ED715D-C06B-8964-61B2-9C62A6FD10A0}.Release|Any CPU.Build.0 = Release|Any CPU
		{8717B83C-5738-23F7-B0E2-DC289868872B}.Debug|Any CPU.ActiveCfg = Debug|Any CPU
		{8717B83C-5738-23F7-B0E2-DC289868872B}.Debug|Any CPU.Build.0 = Debug|Any CPU
		{8717B83C-5738-23F7-B0E2-DC289868872B}.Release|Any CPU.ActiveCfg = Release|Any CPU
		{8717B83C-5738-23F7-B0E2-DC289868872B}.Release|Any CPU.Build.0 = Release|Any CPU
	EndGlobalSection
	GlobalSection(SolutionProperties) = preSolution
		HideSolutionNode = FALSE
	EndGlobalSection
EndGlobal
